
Microsoft Visual Studio Solution File, Format Version 12.00
# Visual Studio Version 17
VisualStudioVersion = 17.9.34728.123
MinimumVisualStudioVersion = 10.0.40219.1
Project("{9A19103F-16F7-4668-BE54-9A1E7A4F7556}") = "Micro.User", "Micro\Micro.User.csproj", "{33D266CE-9510-4436-AE72-1B4A3AA03F57}"
EndProject
Project("{9A19103F-16F7-4668-BE54-9A1E7A4F7556}") = "Micro.Respository", "Micro.Respository\Micro.Respository.csproj", "{CCDD1840-01FA-4C8D-BB2B-76B30305B60D}"
EndProject
Project("{9A19103F-16F7-4668-BE54-9A1E7A4F7556}") = "Micro.Gateway", "Micro.Gateway\Micro.Gateway.csproj", "{149C5A5E-32D8-4B47-83F0-79A35BA10887}"
EndProject
Project("{9A19103F-16F7-4668-BE54-9A1E7A4F7556}") = "Micro.Comm", "Micro.Comm\Micro.Comm.csproj", "{9403B33B-A7EE-4B6F-BC3E-4C320E9736F5}"
EndProject
Project("{9A19103F-16F7-4668-BE54-9A1E7A4F7556}") = "Micro.Polly", "Micro.Polly\Micro.Polly.csproj", "{DE1269DF-234F-4FD3-88B2-F873162FB9FF}"
EndProject
Project("{9A19103F-16F7-4668-BE54-9A1E7A4F7556}") = "Micro.CAP", "Micro.CAP\Micro.CAP.csproj", "{E271C6B7-76FC-47C9-B0B2-04497F4EE7FC}"
EndProject
Project("{9A19103F-16F7-4668-BE54-9A1E7A4F7556}") = "Micro.Models", "Micro.Models\Micro.Models.csproj", "{7D9F3BDB-BA72-44BE-8749-B829397A998D}"
EndProject
Project("{2150E333-8FDC-42A3-9474-1A3956D46DE8}") = "Comm", "Comm", "{5D01A368-D8FD-4B95-BEF4-35A2895EB66D}"
EndProject
Project("{2150E333-8FDC-42A3-9474-1A3956D46DE8}") = "GateWay", "GateWay", "{27EE310D-8A21-48BC-896E-7576F292F394}"
EndProject
Project("{2150E333-8FDC-42A3-9474-1A3956D46DE8}") = "Services", "Services", "{78ECDAFC-1AB6-4620-B01A-A76FC68695C9}"
EndProject
Project("{2150E333-8FDC-42A3-9474-1A3956D46DE8}") = "Respository", "Respository", "{0AD26500-8730-42A5-B3FA-DF8606EC725B}"
EndProject
Project("{9A19103F-16F7-4668-BE54-9A1E7A4F7556}") = "Micro.Lv", "Micro.Lv\Micro.Lv.csproj", "{F3452D37-3E89-4BA3-AF2E-157002EB2373}"
EndProject
Project("{FAE04EC0-301F-11D3-BF4B-00C04F79EFBC}") = "Micro.Redis", "Micro.Redis\Micro.Redis.csproj", "{DBFC95E1-B4FD-41B2-AAF5-635DBCBA3AC5}"
EndProject
Project("{FAE04EC0-301F-11D3-BF4B-00C04F79EFBC}") = "Micro.gRpc", "Micro.gRpc\Micro.gRpc.csproj", "{D0989790-1441-4D35-A91C-643EEDF2B059}"
EndProject
Project("{FAE04EC0-301F-11D3-BF4B-00C04F79EFBC}") = "Micro.gRpc.Client", "Micro.gRpc.Client\Micro.gRpc.Client.csproj", "{A32AC7D2-A5AB-475D-9855-793FE846D4F7}"
EndProject
Project("{FAE04EC0-301F-11D3-BF4B-00C04F79EFBC}") = "Micro.Skywalking", "Micro.Skywalking\Micro.Skywalking.csproj", "{608EDB33-9322-4070-B56D-7E8DB1C7BB3F}"
EndProject
Project("{FAE04EC0-301F-11D3-BF4B-00C04F79EFBC}") = "Micro.ELK", "Micro.ELK\Micro.ELK.csproj", "{905C8418-AFFB-49A9-BE4A-C1365399A903}"
EndProject
Global
	GlobalSection(SolutionConfigurationPlatforms) = preSolution
		Debug|Any CPU = Debug|Any CPU
		Release|Any CPU = Release|Any CPU
	EndGlobalSection
	GlobalSection(ProjectConfigurationPlatforms) = postSolution
		{33D266CE-9510-4436-AE72-1B4A3AA03F57}.Debug|Any CPU.ActiveCfg = Debug|Any CPU
		{33D266CE-9510-4436-AE72-1B4A3AA03F57}.Debug|Any CPU.Build.0 = Debug|Any CPU
		{33D266CE-9510-4436-AE72-1B4A3AA03F57}.Release|Any CPU.ActiveCfg = Release|Any CPU
		{33D266CE-9510-4436-AE72-1B4A3AA03F57}.Release|Any CPU.Build.0 = Release|Any CPU
		{CCDD1840-01FA-4C8D-BB2B-76B30305B60D}.Debug|Any CPU.ActiveCfg = Debug|Any CPU
		{CCDD1840-01FA-4C8D-BB2B-76B30305B60D}.Debug|Any CPU.Build.0 = Debug|Any CPU
		{CCDD1840-01FA-4C8D-BB2B-76B30305B60D}.Release|Any CPU.ActiveCfg = Release|Any CPU
		{CCDD1840-01FA-4C8D-BB2B-76B30305B60D}.Release|Any CPU.Build.0 = Release|Any CPU
		{149C5A5E-32D8-4B47-83F0-79A35BA10887}.Debug|Any CPU.ActiveCfg = Debug|Any CPU
		{149C5A5E-32D8-4B47-83F0-79A35BA10887}.Debug|Any CPU.Build.0 = Debug|Any CPU
		{149C5A5E-32D8-4B47-83F0-79A35BA10887}.Release|Any CPU.ActiveCfg = Release|Any CPU
		{149C5A5E-32D8-4B47-83F0-79A35BA10887}.Release|Any CPU.Build.0 = Release|Any CPU
		{9403B33B-A7EE-4B6F-BC3E-4C320E9736F5}.Debug|Any CPU.ActiveCfg = Debug|Any CPU
		{9403B33B-A7EE-4B6F-BC3E-4C320E9736F5}.Debug|Any CPU.Build.0 = Debug|Any CPU
		{9403B33B-A7EE-4B6F-BC3E-4C320E9736F5}.Release|Any CPU.ActiveCfg = Release|Any CPU
		{9403B33B-A7EE-4B6F-BC3E-4C320E9736F5}.Release|Any CPU.Build.0 = Release|Any CPU
		{DE1269DF-234F-4FD3-88B2-F873162FB9FF}.Debug|Any CPU.ActiveCfg = Debug|Any CPU
		{DE1269DF-234F-4FD3-88B2-F873162FB9FF}.Debug|Any CPU.Build.0 = Debug|Any CPU
		{DE1269DF-234F-4FD3-88B2-F873162FB9FF}.Release|Any CPU.ActiveCfg = Release|Any CPU
		{DE1269DF-234F-4FD3-88B2-F873162FB9FF}.Release|Any CPU.Build.0 = Release|Any CPU
		{E271C6B7-76FC-47C9-B0B2-04497F4EE7FC}.Debug|Any CPU.ActiveCfg = Debug|Any CPU
		{E271C6B7-76FC-47C9-B0B2-04497F4EE7FC}.Debug|Any CPU.Build.0 = Debug|Any CPU
		{E271C6B7-76FC-47C9-B0B2-04497F4EE7FC}.Release|Any CPU.ActiveCfg = Release|Any CPU
		{E271C6B7-76FC-47C9-B0B2-04497F4EE7FC}.Release|Any CPU.Build.0 = Release|Any CPU
		{7D9F3BDB-BA72-44BE-8749-B829397A998D}.Debug|Any CPU.ActiveCfg = Debug|Any CPU
		{7D9F3BDB-BA72-44BE-8749-B829397A998D}.Debug|Any CPU.Build.0 = Debug|Any CPU
		{7D9F3BDB-BA72-44BE-8749-B829397A998D}.Release|Any CPU.ActiveCfg = Release|Any CPU
		{7D9F3BDB-BA72-44BE-8749-B829397A998D}.Release|Any CPU.Build.0 = Release|Any CPU
		{F3452D37-3E89-4BA3-AF2E-157002EB2373}.Debug|Any CPU.ActiveCfg = Debug|Any CPU
		{F3452D37-3E89-4BA3-AF2E-157002EB2373}.Debug|Any CPU.Build.0 = Debug|Any CPU
		{F3452D37-3E89-4BA3-AF2E-157002EB2373}.Release|Any CPU.ActiveCfg = Release|Any CPU
		{F3452D37-3E89-4BA3-AF2E-157002EB2373}.Release|Any CPU.Build.0 = Release|Any CPU
		{DBFC95E1-B4FD-41B2-AAF5-635DBCBA3AC5}.Debug|Any CPU.ActiveCfg = Debug|Any CPU
		{DBFC95E1-B4FD-41B2-AAF5-635DBCBA3AC5}.Debug|Any CPU.Build.0 = Debug|Any CPU
		{DBFC95E1-B4FD-41B2-AAF5-635DBCBA3AC5}.Release|Any CPU.ActiveCfg = Release|Any CPU
		{DBFC95E1-B4FD-41B2-AAF5-635DBCBA3AC5}.Release|Any CPU.Build.0 = Release|Any CPU
		{D0989790-1441-4D35-A91C-643EEDF2B059}.Debug|Any CPU.ActiveCfg = Debug|Any CPU
		{D0989790-1441-4D35-A91C-643EEDF2B059}.Debug|Any CPU.Build.0 = Debug|Any CPU
		{D0989790-1441-4D35-A91C-643EEDF2B059}.Release|Any CPU.ActiveCfg = Release|Any CPU
		{D0989790-1441-4D35-A91C-643EEDF2B059}.Release|Any CPU.Build.0 = Release|Any CPU
		{A32AC7D2-A5AB-475D-9855-793FE846D4F7}.Debug|Any CPU.ActiveCfg = Debug|Any CPU
		{A32AC7D2-A5AB-475D-9855-793FE846D4F7}.Debug|Any CPU.Build.0 = Debug|Any CPU
		{A32AC7D2-A5AB-475D-9855-793FE846D4F7}.Release|Any CPU.ActiveCfg = Release|Any CPU
		{A32AC7D2-A5AB-475D-9855-793FE846D4F7}.Release|Any CPU.Build.0 = Release|Any CPU
		{608EDB33-9322-4070-B56D-7E8DB1C7BB3F}.Debug|Any CPU.ActiveCfg = Debug|Any CPU
		{608EDB33-9322-4070-B56D-7E8DB1C7BB3F}.Debug|Any CPU.Build.0 = Debug|Any CPU
		{608EDB33-9322-4070-B56D-7E8DB1C7BB3F}.Release|Any CPU.ActiveCfg = Release|Any CPU
		{608EDB33-9322-4070-B56D-7E8DB1C7BB3F}.Release|Any CPU.Build.0 = Release|Any CPU
		{905C8418-AFFB-49A9-BE4A-C1365399A903}.Debug|Any CPU.ActiveCfg = Debug|Any CPU
		{905C8418-AFFB-49A9-BE4A-C1365399A903}.Debug|Any CPU.Build.0 = Debug|Any CPU
		{905C8418-AFFB-49A9-BE4A-C1365399A903}.Release|Any CPU.ActiveCfg = Release|Any CPU
		{905C8418-AFFB-49A9-BE4A-C1365399A903}.Release|Any CPU.Build.0 = Release|Any CPU
	EndGlobalSection
	GlobalSection(SolutionProperties) = preSolution
		HideSolutionNode = FALSE
	EndGlobalSection
	GlobalSection(NestedProjects) = preSolution
		{33D266CE-9510-4436-AE72-1B4A3AA03F57} = {78ECDAFC-1AB6-4620-B01A-A76FC68695C9}
		{CCDD1840-01FA-4C8D-BB2B-76B30305B60D} = {0AD26500-8730-42A5-B3FA-DF8606EC725B}
		{149C5A5E-32D8-4B47-83F0-79A35BA10887} = {27EE310D-8A21-48BC-896E-7576F292F394}
		{9403B33B-A7EE-4B6F-BC3E-4C320E9736F5} = {5D01A368-D8FD-4B95-BEF4-35A2895EB66D}
		{DE1269DF-234F-4FD3-88B2-F873162FB9FF} = {5D01A368-D8FD-4B95-BEF4-35A2895EB66D}
		{E271C6B7-76FC-47C9-B0B2-04497F4EE7FC} = {5D01A368-D8FD-4B95-BEF4-35A2895EB66D}
		{7D9F3BDB-BA72-44BE-8749-B829397A998D} = {0AD26500-8730-42A5-B3FA-DF8606EC725B}
		{F3452D37-3E89-4BA3-AF2E-157002EB2373} = {78ECDAFC-1AB6-4620-B01A-A76FC68695C9}
		{DBFC95E1-B4FD-41B2-AAF5-635DBCBA3AC5} = {5D01A368-D8FD-4B95-BEF4-35A2895EB66D}
		{D0989790-1441-4D35-A91C-643EEDF2B059} = {5D01A368-D8FD-4B95-BEF4-35A2895EB66D}
		{A32AC7D2-A5AB-475D-9855-793FE846D4F7} = {5D01A368-D8FD-4B95-BEF4-35A2895EB66D}
		{608EDB33-9322-4070-B56D-7E8DB1C7BB3F} = {5D01A368-D8FD-4B95-BEF4-35A2895EB66D}
		{905C8418-AFFB-49A9-BE4A-C1365399A903} = {5D01A368-D8FD-4B95-BEF4-35A2895EB66D}
	EndGlobalSection
	GlobalSection(ExtensibilityGlobals) = postSolution
		SolutionGuid = {84EDF8D5-F532-48DA-96CF-B0539DEAA33D}
	EndGlobalSection
EndGlobal
